
Microsoft Visual Studio Solution File, Format Version 12.00
# Visual Studio 15
VisualStudioVersion = 15.0.28307.168
MinimumVisualStudioVersion = 10.0.40219.1
Project("{FAE04EC0-301F-11D3-BF4B-00C04F79EFBC}") = "FluentNHibernate_Crud", "FluentNHibernate_Crud\FluentNHibernate_Crud.csproj", "{9F3D1E38-2422-47A6-95DA-3AAAF1036167}"
EndProject
Global
	GlobalSection(SolutionConfigurationPlatforms) = preSolution
		Debug|Any CPU = Debug|Any CPU
		Release|Any CPU = Release|Any CPU
	EndGlobalSection
	GlobalSection(ProjectConfigurationPlatforms) = postSolution
		{9F3D1E38-2422-47A6-95DA-3AAAF1036167}.Debug|Any CPU.ActiveCfg = Debug|Any CPU
		{9F3D1E38-2422-47A6-95DA-3AAAF1036167}.Debug|Any CPU.Build.0 = Debug|Any CPU
		{9F3D1E38-2422-47A6-95DA-3AAAF1036167}.Release|Any CPU.ActiveCfg = Release|Any CPU
		{9F3D1E38-2422-47A6-95DA-3AAAF1036167}.Release|Any CPU.Build.0 = Release|Any CPU
	EndGlobalSection
	GlobalSection(SolutionProperties) = preSolution
		HideSolutionNode = FALSE
	EndGlobalSection
	GlobalSection(ExtensibilityGlobals) = postSolution
		SolutionGuid = {68F2977A-552F-4AD1-B86E-08EF18A6551B}
	EndGlobalSection
EndGlobal
